
Microsoft Visual Studio Solution File, Format Version 12.00
# Visual Studio Version 17
VisualStudioVersion = 17.7.34024.191
MinimumVisualStudioVersion = 10.0.40219.1
Project("{FAE04EC0-301F-11D3-BF4B-00C04F79EFBC}") = "sortMassiv1", "sortMassiv1\sortMassiv1.csproj", "{B66356DF-E4A2-4B04-AFE8-3D7FF7A43A96}"
EndProject
Global
	GlobalSection(SolutionConfigurationPlatforms) = preSolution
		Debug|Any CPU = Debug|Any CPU
		Release|Any CPU = Release|Any CPU
	EndGlobalSection
	GlobalSection(ProjectConfigurationPlatforms) = postSolution
		{B66356DF-E4A2-4B04-AFE8-3D7FF7A43A96}.Debug|Any CPU.ActiveCfg = Debug|Any CPU
		{B66356DF-E4A2-4B04-AFE8-3D7FF7A43A96}.Debug|Any CPU.Build.0 = Debug|Any CPU
		{B66356DF-E4A2-4B04-AFE8-3D7FF7A43A96}.Release|Any CPU.ActiveCfg = Release|Any CPU
		{B66356DF-E4A2-4B04-AFE8-3D7FF7A43A96}.Release|Any CPU.Build.0 = Release|Any CPU
	EndGlobalSection
	GlobalSection(SolutionProperties) = preSolution
		HideSolutionNode = FALSE
	EndGlobalSection
	GlobalSection(ExtensibilityGlobals) = postSolution
		SolutionGuid = {95E5E1FA-F75F-4CEA-9F6E-307821DCB18D}
	EndGlobalSection
EndGlobal
